
Microsoft Visual Studio Solution File, Format Version 12.00
# Visual Studio Version 17
Project("{2150E333-8FDC-42A3-9474-1A3956D46DE8}") = "CMakePredefinedTargets", "CMakePredefinedTargets", "{6A92EECF-DCB9-3354-A726-9E19BD3AC103}"
EndProject
Project("{2150E333-8FDC-42A3-9474-1A3956D46DE8}") = "External", "External", "{12CE497B-7E55-31ED-867F-134E22438A50}"
EndProject
Project("{2150E333-8FDC-42A3-9474-1A3956D46DE8}") = "Internal", "Internal", "{8AA2BE00-6241-342E-9743-E3E0127E678E}"
EndProject
Project("{8BC9CEB8-8B4A-11D0-8D11-00A0C91BC942}") = "ALL_BUILD", "ALL_BUILD.vcxproj", "{290D5565-5CCC-3834-92F5-16B92CE63AF0}"
	ProjectSection(ProjectDependencies) = postProject
		{568A3CB0-6B08-3896-973F-E69A5684F9A8} = {568A3CB0-6B08-3896-973F-E69A5684F9A8}
		{F7566A2C-63DE-3F1D-8F37-3BD8ABA672A0} = {F7566A2C-63DE-3F1D-8F37-3BD8ABA672A0}
		{F25140FF-8B4F-383B-B4C5-BE437F5ABEDF} = {F25140FF-8B4F-383B-B4C5-BE437F5ABEDF}
		{C7119D7E-7A40-34AE-ABBD-FCD295585E7A} = {C7119D7E-7A40-34AE-ABBD-FCD295585E7A}
		{2F451090-9043-3F2D-9966-28D389E14412} = {2F451090-9043-3F2D-9966-28D389E14412}
		{1E3CAD26-63D9-37BA-8948-3530267047E1} = {1E3CAD26-63D9-37BA-8948-3530267047E1}
		{1B94096F-3284-33F1-BB98-858895740D76} = {1B94096F-3284-33F1-BB98-858895740D76}
		{0D101D16-BF3F-32CE-85D5-94427BB9BF89} = {0D101D16-BF3F-32CE-85D5-94427BB9BF89}
		{8DBC8AA2-DD9B-3FCA-AD4B-3017FF99C7DF} = {8DBC8AA2-DD9B-3FCA-AD4B-3017FF99C7DF}
		{99A005C8-850F-3793-B9FF-2C8C2B0C96ED} = {99A005C8-850F-3793-B9FF-2C8C2B0C96ED}
		{4649C201-FD31-3144-A215-AB2834586D4B} = {4649C201-FD31-3144-A215-AB2834586D4B}
		{D6E4C53E-28DF-345A-956D-D76226220EB2} = {D6E4C53E-28DF-345A-956D-D76226220EB2}
		{16BB61A0-6DE0-330E-A4EB-70ABA7DA8C6E} = {16BB61A0-6DE0-330E-A4EB-70ABA7DA8C6E}
	EndProjectSection
EndProject
Project("{8BC9CEB8-8B4A-11D0-8D11-00A0C91BC942}") = "ZERO_CHECK", "..\..\..\\ZERO_CHECK.vcxproj", "{568A3CB0-6B08-3896-973F-E69A5684F9A8}"
	ProjectSection(ProjectDependencies) = postProject
	EndProjectSection
EndProject
Project("{8BC9CEB8-8B4A-11D0-8D11-00A0C91BC942}") = "cocos2d", "cocos2d.vcxproj", "{F7566A2C-63DE-3F1D-8F37-3BD8ABA672A0}"
	ProjectSection(ProjectDependencies) = postProject
		{568A3CB0-6B08-3896-973F-E69A5684F9A8} = {568A3CB0-6B08-3896-973F-E69A5684F9A8}
		{F25140FF-8B4F-383B-B4C5-BE437F5ABEDF} = {F25140FF-8B4F-383B-B4C5-BE437F5ABEDF}
		{C7119D7E-7A40-34AE-ABBD-FCD295585E7A} = {C7119D7E-7A40-34AE-ABBD-FCD295585E7A}
		{2F451090-9043-3F2D-9966-28D389E14412} = {2F451090-9043-3F2D-9966-28D389E14412}
		{1E3CAD26-63D9-37BA-8948-3530267047E1} = {1E3CAD26-63D9-37BA-8948-3530267047E1}
		{1B94096F-3284-33F1-BB98-858895740D76} = {1B94096F-3284-33F1-BB98-858895740D76}
		{0D101D16-BF3F-32CE-85D5-94427BB9BF89} = {0D101D16-BF3F-32CE-85D5-94427BB9BF89}
		{8DBC8AA2-DD9B-3FCA-AD4B-3017FF99C7DF} = {8DBC8AA2-DD9B-3FCA-AD4B-3017FF99C7DF}
		{99A005C8-850F-3793-B9FF-2C8C2B0C96ED} = {99A005C8-850F-3793-B9FF-2C8C2B0C96ED}
		{4649C201-FD31-3144-A215-AB2834586D4B} = {4649C201-FD31-3144-A215-AB2834586D4B}
		{D6E4C53E-28DF-345A-956D-D76226220EB2} = {D6E4C53E-28DF-345A-956D-D76226220EB2}
		{16BB61A0-6DE0-330E-A4EB-70ABA7DA8C6E} = {16BB61A0-6DE0-330E-A4EB-70ABA7DA8C6E}
	EndProjectSection
EndProject
Project("{8BC9CEB8-8B4A-11D0-8D11-00A0C91BC942}") = "ext_clipper", "..\..\external\clipper\ext_clipper.vcxproj", "{F25140FF-8B4F-383B-B4C5-BE437F5ABEDF}"
	ProjectSection(ProjectDependencies) = postProject
		{568A3CB0-6B08-3896-973F-E69A5684F9A8} = {568A3CB0-6B08-3896-973F-E69A5684F9A8}
	EndProjectSection
EndProject
Project("{8BC9CEB8-8B4A-11D0-8D11-00A0C91BC942}") = "ext_convertUTF", "..\..\external\ConvertUTF\ext_convertUTF.vcxproj", "{C7119D7E-7A40-34AE-ABBD-FCD295585E7A}"
	ProjectSection(ProjectDependencies) = postProject
		{568A3CB0-6B08-3896-973F-E69A5684F9A8} = {568A3CB0-6B08-3896-973F-E69A5684F9A8}
	EndProjectSection
EndProject
Project("{8BC9CEB8-8B4A-11D0-8D11-00A0C91BC942}") = "ext_edtaa3func", "..\..\external\edtaa3func\ext_edtaa3func.vcxproj", "{2F451090-9043-3F2D-9966-28D389E14412}"
	ProjectSection(ProjectDependencies) = postProject
		{568A3CB0-6B08-3896-973F-E69A5684F9A8} = {568A3CB0-6B08-3896-973F-E69A5684F9A8}
	EndProjectSection
EndProject
Project("{8BC9CEB8-8B4A-11D0-8D11-00A0C91BC942}") = "ext_md5", "..\..\external\md5\ext_md5.vcxproj", "{1E3CAD26-63D9-37BA-8948-3530267047E1}"
	ProjectSection(ProjectDependencies) = postProject
		{568A3CB0-6B08-3896-973F-E69A5684F9A8} = {568A3CB0-6B08-3896-973F-E69A5684F9A8}
	EndProjectSection
EndProject
Project("{8BC9CEB8-8B4A-11D0-8D11-00A0C91BC942}") = "ext_poly2tri", "..\..\external\poly2tri\ext_poly2tri.vcxproj", "{1B94096F-3284-33F1-BB98-858895740D76}"
	ProjectSection(ProjectDependencies) = postProject
		{568A3CB0-6B08-3896-973F-E69A5684F9A8} = {568A3CB0-6B08-3896-973F-E69A5684F9A8}
	EndProjectSection
EndProject
Project("{8BC9CEB8-8B4A-11D0-8D11-00A0C91BC942}") = "ext_recast", "..\..\external\recast\ext_recast.vcxproj", "{0D101D16-BF3F-32CE-85D5-94427BB9BF89}"
	ProjectSection(ProjectDependencies) = postProject
		{568A3CB0-6B08-3896-973F-E69A5684F9A8} = {568A3CB0-6B08-3896-973F-E69A5684F9A8}
	EndProjectSection
EndProject
Project("{8BC9CEB8-8B4A-11D0-8D11-00A0C91BC942}") = "ext_tinyxml2", "..\..\external\tinyxml2\ext_tinyxml2.vcxproj", "{8DBC8AA2-DD9B-3FCA-AD4B-3017FF99C7DF}"
	ProjectSection(ProjectDependencies) = postProject
		{568A3CB0-6B08-3896-973F-E69A5684F9A8} = {568A3CB0-6B08-3896-973F-E69A5684F9A8}
	EndProjectSection
EndProject
Project("{8BC9CEB8-8B4A-11D0-8D11-00A0C91BC942}") = "ext_unzip", "..\..\external\unzip\ext_unzip.vcxproj", "{99A005C8-850F-3793-B9FF-2C8C2B0C96ED}"
	ProjectSection(ProjectDependencies) = postProject
		{568A3CB0-6B08-3896-973F-E69A5684F9A8} = {568A3CB0-6B08-3896-973F-E69A5684F9A8}
	EndProjectSection
EndProject
Project("{8BC9CEB8-8B4A-11D0-8D11-00A0C91BC942}") = "ext_xxhash", "..\..\external\xxhash\ext_xxhash.vcxproj", "{4649C201-FD31-3144-A215-AB2834586D4B}"
	ProjectSection(ProjectDependencies) = postProject
		{568A3CB0-6B08-3896-973F-E69A5684F9A8} = {568A3CB0-6B08-3896-973F-E69A5684F9A8}
	EndProjectSection
EndProject
Project("{8BC9CEB8-8B4A-11D0-8D11-00A0C91BC942}") = "ext_xxtea", "..\..\external\xxtea\ext_xxtea.vcxproj", "{D6E4C53E-28DF-345A-956D-D76226220EB2}"
	ProjectSection(ProjectDependencies) = postProject
		{568A3CB0-6B08-3896-973F-E69A5684F9A8} = {568A3CB0-6B08-3896-973F-E69A5684F9A8}
	EndProjectSection
EndProject
Project("{8BC9CEB8-8B4A-11D0-8D11-00A0C91BC942}") = "external", "..\..\external\external.vcxproj", "{16BB61A0-6DE0-330E-A4EB-70ABA7DA8C6E}"
	ProjectSection(ProjectDependencies) = postProject
		{568A3CB0-6B08-3896-973F-E69A5684F9A8} = {568A3CB0-6B08-3896-973F-E69A5684F9A8}
		{F25140FF-8B4F-383B-B4C5-BE437F5ABEDF} = {F25140FF-8B4F-383B-B4C5-BE437F5ABEDF}
		{C7119D7E-7A40-34AE-ABBD-FCD295585E7A} = {C7119D7E-7A40-34AE-ABBD-FCD295585E7A}
		{2F451090-9043-3F2D-9966-28D389E14412} = {2F451090-9043-3F2D-9966-28D389E14412}
		{1E3CAD26-63D9-37BA-8948-3530267047E1} = {1E3CAD26-63D9-37BA-8948-3530267047E1}
		{1B94096F-3284-33F1-BB98-858895740D76} = {1B94096F-3284-33F1-BB98-858895740D76}
		{0D101D16-BF3F-32CE-85D5-94427BB9BF89} = {0D101D16-BF3F-32CE-85D5-94427BB9BF89}
		{8DBC8AA2-DD9B-3FCA-AD4B-3017FF99C7DF} = {8DBC8AA2-DD9B-3FCA-AD4B-3017FF99C7DF}
		{99A005C8-850F-3793-B9FF-2C8C2B0C96ED} = {99A005C8-850F-3793-B9FF-2C8C2B0C96ED}
		{4649C201-FD31-3144-A215-AB2834586D4B} = {4649C201-FD31-3144-A215-AB2834586D4B}
		{D6E4C53E-28DF-345A-956D-D76226220EB2} = {D6E4C53E-28DF-345A-956D-D76226220EB2}
	EndProjectSection
EndProject
Global
	GlobalSection(SolutionConfigurationPlatforms) = preSolution
		Debug|win32 = Debug|win32
		Release|win32 = Release|win32
		MinSizeRel|win32 = MinSizeRel|win32
		RelWithDebInfo|win32 = RelWithDebInfo|win32
	EndGlobalSection
	GlobalSection(ProjectConfigurationPlatforms) = postSolution
		{290D5565-5CCC-3834-92F5-16B92CE63AF0}.Debug|win32.ActiveCfg = Debug|win32
		{290D5565-5CCC-3834-92F5-16B92CE63AF0}.Release|win32.ActiveCfg = Release|win32
		{290D5565-5CCC-3834-92F5-16B92CE63AF0}.MinSizeRel|win32.ActiveCfg = MinSizeRel|win32
		{290D5565-5CCC-3834-92F5-16B92CE63AF0}.RelWithDebInfo|win32.ActiveCfg = RelWithDebInfo|win32
		{568A3CB0-6B08-3896-973F-E69A5684F9A8}.Debug|win32.ActiveCfg = Debug|win32
		{568A3CB0-6B08-3896-973F-E69A5684F9A8}.Debug|win32.Build.0 = Debug|win32
		{568A3CB0-6B08-3896-973F-E69A5684F9A8}.Release|win32.ActiveCfg = Release|win32
		{568A3CB0-6B08-3896-973F-E69A5684F9A8}.Release|win32.Build.0 = Release|win32
		{568A3CB0-6B08-3896-973F-E69A5684F9A8}.MinSizeRel|win32.ActiveCfg = MinSizeRel|win32
		{568A3CB0-6B08-3896-973F-E69A5684F9A8}.MinSizeRel|win32.Build.0 = MinSizeRel|win32
		{568A3CB0-6B08-3896-973F-E69A5684F9A8}.RelWithDebInfo|win32.ActiveCfg = RelWithDebInfo|win32
		{568A3CB0-6B08-3896-973F-E69A5684F9A8}.RelWithDebInfo|win32.Build.0 = RelWithDebInfo|win32
		{F7566A2C-63DE-3F1D-8F37-3BD8ABA672A0}.Debug|win32.ActiveCfg = Debug|win32
		{F7566A2C-63DE-3F1D-8F37-3BD8ABA672A0}.Debug|win32.Build.0 = Debug|win32
		{F7566A2C-63DE-3F1D-8F37-3BD8ABA672A0}.Release|win32.ActiveCfg = Release|win32
		{F7566A2C-63DE-3F1D-8F37-3BD8ABA672A0}.Release|win32.Build.0 = Release|win32
		{F7566A2C-63DE-3F1D-8F37-3BD8ABA672A0}.MinSizeRel|win32.ActiveCfg = MinSizeRel|win32
		{F7566A2C-63DE-3F1D-8F37-3BD8ABA672A0}.MinSizeRel|win32.Build.0 = MinSizeRel|win32
		{F7566A2C-63DE-3F1D-8F37-3BD8ABA672A0}.RelWithDebInfo|win32.ActiveCfg = RelWithDebInfo|win32
		{F7566A2C-63DE-3F1D-8F37-3BD8ABA672A0}.RelWithDebInfo|win32.Build.0 = RelWithDebInfo|win32
		{F25140FF-8B4F-383B-B4C5-BE437F5ABEDF}.Debug|win32.ActiveCfg = Debug|win32
		{F25140FF-8B4F-383B-B4C5-BE437F5ABEDF}.Debug|win32.Build.0 = Debug|win32
		{F25140FF-8B4F-383B-B4C5-BE437F5ABEDF}.Release|win32.ActiveCfg = Release|win32
		{F25140FF-8B4F-383B-B4C5-BE437F5ABEDF}.Release|win32.Build.0 = Release|win32
		{F25140FF-8B4F-383B-B4C5-BE437F5ABEDF}.MinSizeRel|win32.ActiveCfg = MinSizeRel|win32
		{F25140FF-8B4F-383B-B4C5-BE437F5ABEDF}.MinSizeRel|win32.Build.0 = MinSizeRel|win32
		{F25140FF-8B4F-383B-B4C5-BE437F5ABEDF}.RelWithDebInfo|win32.ActiveCfg = RelWithDebInfo|win32
		{F25140FF-8B4F-383B-B4C5-BE437F5ABEDF}.RelWithDebInfo|win32.Build.0 = RelWithDebInfo|win32
		{C7119D7E-7A40-34AE-ABBD-FCD295585E7A}.Debug|win32.ActiveCfg = Debug|win32
		{C7119D7E-7A40-34AE-ABBD-FCD295585E7A}.Debug|win32.Build.0 = Debug|win32
		{C7119D7E-7A40-34AE-ABBD-FCD295585E7A}.Release|win32.ActiveCfg = Release|win32
		{C7119D7E-7A40-34AE-ABBD-FCD295585E7A}.Release|win32.Build.0 = Release|win32
		{C7119D7E-7A40-34AE-ABBD-FCD295585E7A}.MinSizeRel|win32.ActiveCfg = MinSizeRel|win32
		{C7119D7E-7A40-34AE-ABBD-FCD295585E7A}.MinSizeRel|win32.Build.0 = MinSizeRel|win32
		{C7119D7E-7A40-34AE-ABBD-FCD295585E7A}.RelWithDebInfo|win32.ActiveCfg = RelWithDebInfo|win32
		{C7119D7E-7A40-34AE-ABBD-FCD295585E7A}.RelWithDebInfo|win32.Build.0 = RelWithDebInfo|win32
		{2F451090-9043-3F2D-9966-28D389E14412}.Debug|win32.ActiveCfg = Debug|win32
		{2F451090-9043-3F2D-9966-28D389E14412}.Debug|win32.Build.0 = Debug|win32
		{2F451090-9043-3F2D-9966-28D389E14412}.Release|win32.ActiveCfg = Release|win32
		{2F451090-9043-3F2D-9966-28D389E14412}.Release|win32.Build.0 = Release|win32
		{2F451090-9043-3F2D-9966-28D389E14412}.MinSizeRel|win32.ActiveCfg = MinSizeRel|win32
		{2F451090-9043-3F2D-9966-28D389E14412}.MinSizeRel|win32.Build.0 = MinSizeRel|win32
		{2F451090-9043-3F2D-9966-28D389E14412}.RelWithDebInfo|win32.ActiveCfg = RelWithDebInfo|win32
		{2F451090-9043-3F2D-9966-28D389E14412}.RelWithDebInfo|win32.Build.0 = RelWithDebInfo|win32
		{1E3CAD26-63D9-37BA-8948-3530267047E1}.Debug|win32.ActiveCfg = Debug|win32
		{1E3CAD26-63D9-37BA-8948-3530267047E1}.Debug|win32.Build.0 = Debug|win32
		{1E3CAD26-63D9-37BA-8948-3530267047E1}.Release|win32.ActiveCfg = Release|win32
		{1E3CAD26-63D9-37BA-8948-3530267047E1}.Release|win32.Build.0 = Release|win32
		{1E3CAD26-63D9-37BA-8948-3530267047E1}.MinSizeRel|win32.ActiveCfg = MinSizeRel|win32
		{1E3CAD26-63D9-37BA-8948-3530267047E1}.MinSizeRel|win32.Build.0 = MinSizeRel|win32
		{1E3CAD26-63D9-37BA-8948-3530267047E1}.RelWithDebInfo|win32.ActiveCfg = RelWithDebInfo|win32
		{1E3CAD26-63D9-37BA-8948-3530267047E1}.RelWithDebInfo|win32.Build.0 = RelWithDebInfo|win32
		{1B94096F-3284-33F1-BB98-858895740D76}.Debug|win32.ActiveCfg = Debug|win32
		{1B94096F-3284-33F1-BB98-858895740D76}.Debug|win32.Build.0 = Debug|win32
		{1B94096F-3284-33F1-BB98-858895740D76}.Release|win32.ActiveCfg = Release|win32
		{1B94096F-3284-33F1-BB98-858895740D76}.Release|win32.Build.0 = Release|win32
		{1B94096F-3284-33F1-BB98-858895740D76}.MinSizeRel|win32.ActiveCfg = MinSizeRel|win32
		{1B94096F-3284-33F1-BB98-858895740D76}.MinSizeRel|win32.Build.0 = MinSizeRel|win32
		{1B94096F-3284-33F1-BB98-858895740D76}.RelWithDebInfo|win32.ActiveCfg = RelWithDebInfo|win32
		{1B94096F-3284-33F1-BB98-858895740D76}.RelWithDebInfo|win32.Build.0 = RelWithDebInfo|win32
		{0D101D16-BF3F-32CE-85D5-94427BB9BF89}.Debug|win32.ActiveCfg = Debug|win32
		{0D101D16-BF3F-32CE-85D5-94427BB9BF89}.Debug|win32.Build.0 = Debug|win32
		{0D101D16-BF3F-32CE-85D5-94427BB9BF89}.Release|win32.ActiveCfg = Release|win32
		{0D101D16-BF3F-32CE-85D5-94427BB9BF89}.Release|win32.Build.0 = Release|win32
		{0D101D16-BF3F-32CE-85D5-94427BB9BF89}.MinSizeRel|win32.ActiveCfg = MinSizeRel|win32
		{0D101D16-BF3F-32CE-85D5-94427BB9BF89}.MinSizeRel|win32.Build.0 = MinSizeRel|win32
		{0D101D16-BF3F-32CE-85D5-94427BB9BF89}.RelWithDebInfo|win32.ActiveCfg = RelWithDebInfo|win32
		{0D101D16-BF3F-32CE-85D5-94427BB9BF89}.RelWithDebInfo|win32.Build.0 = RelWithDebInfo|win32
		{8DBC8AA2-DD9B-3FCA-AD4B-3017FF99C7DF}.Debug|win32.ActiveCfg = Debug|win32
		{8DBC8AA2-DD9B-3FCA-AD4B-3017FF99C7DF}.Debug|win32.Build.0 = Debug|win32
		{8DBC8AA2-DD9B-3FCA-AD4B-3017FF99C7DF}.Release|win32.ActiveCfg = Release|win32
		{8DBC8AA2-DD9B-3FCA-AD4B-3017FF99C7DF}.Release|win32.Build.0 = Release|win32
		{8DBC8AA2-DD9B-3FCA-AD4B-3017FF99C7DF}.MinSizeRel|win32.ActiveCfg = MinSizeRel|win32
		{8DBC8AA2-DD9B-3FCA-AD4B-3017FF99C7DF}.MinSizeRel|win32.Build.0 = MinSizeRel|win32
		{8DBC8AA2-DD9B-3FCA-AD4B-3017FF99C7DF}.RelWithDebInfo|win32.ActiveCfg = RelWithDebInfo|win32
		{8DBC8AA2-DD9B-3FCA-AD4B-3017FF99C7DF}.RelWithDebInfo|win32.Build.0 = RelWithDebInfo|win32
		{99A005C8-850F-3793-B9FF-2C8C2B0C96ED}.Debug|win32.ActiveCfg = Debug|win32
		{99A005C8-850F-3793-B9FF-2C8C2B0C96ED}.Debug|win32.Build.0 = Debug|win32
		{99A005C8-850F-3793-B9FF-2C8C2B0C96ED}.Release|win32.ActiveCfg = Release|win32
		{99A005C8-850F-3793-B9FF-2C8C2B0C96ED}.Release|win32.Build.0 = Release|win32
		{99A005C8-850F-3793-B9FF-2C8C2B0C96ED}.MinSizeRel|win32.ActiveCfg = MinSizeRel|win32
		{99A005C8-850F-3793-B9FF-2C8C2B0C96ED}.MinSizeRel|win32.Build.0 = MinSizeRel|win32
		{99A005C8-850F-3793-B9FF-2C8C2B0C96ED}.RelWithDebInfo|win32.ActiveCfg = RelWithDebInfo|win32
		{99A005C8-850F-3793-B9FF-2C8C2B0C96ED}.RelWithDebInfo|win32.Build.0 = RelWithDebInfo|win32
		{4649C201-FD31-3144-A215-AB2834586D4B}.Debug|win32.ActiveCfg = Debug|win32
		{4649C201-FD31-3144-A215-AB2834586D4B}.Debug|win32.Build.0 = Debug|win32
		{4649C201-FD31-3144-A215-AB2834586D4B}.Release|win32.ActiveCfg = Release|win32
		{4649C201-FD31-3144-A215-AB2834586D4B}.Release|win32.Build.0 = Release|win32
		{4649C201-FD31-3144-A215-AB2834586D4B}.MinSizeRel|win32.ActiveCfg = MinSizeRel|win32
		{4649C201-FD31-3144-A215-AB2834586D4B}.MinSizeRel|win32.Build.0 = MinSizeRel|win32
		{4649C201-FD31-3144-A215-AB2834586D4B}.RelWithDebInfo|win32.ActiveCfg = RelWithDebInfo|win32
		{4649C201-FD31-3144-A215-AB2834586D4B}.RelWithDebInfo|win32.Build.0 = RelWithDebInfo|win32
		{D6E4C53E-28DF-345A-956D-D76226220EB2}.Debug|win32.ActiveCfg = Debug|win32
		{D6E4C53E-28DF-345A-956D-D76226220EB2}.Debug|win32.Build.0 = Debug|win32
		{D6E4C53E-28DF-345A-956D-D76226220EB2}.Release|win32.ActiveCfg = Release|win32
		{D6E4C53E-28DF-345A-956D-D76226220EB2}.Release|win32.Build.0 = Release|win32
		{D6E4C53E-28DF-345A-956D-D76226220EB2}.MinSizeRel|win32.ActiveCfg = MinSizeRel|win32
		{D6E4C53E-28DF-345A-956D-D76226220EB2}.MinSizeRel|win32.Build.0 = MinSizeRel|win32
		{D6E4C53E-28DF-345A-956D-D76226220EB2}.RelWithDebInfo|win32.ActiveCfg = RelWithDebInfo|win32
		{D6E4C53E-28DF-345A-956D-D76226220EB2}.RelWithDebInfo|win32.Build.0 = RelWithDebInfo|win32
		{16BB61A0-6DE0-330E-A4EB-70ABA7DA8C6E}.Debug|win32.ActiveCfg = Debug|win32
		{16BB61A0-6DE0-330E-A4EB-70ABA7DA8C6E}.Debug|win32.Build.0 = Debug|win32
		{16BB61A0-6DE0-330E-A4EB-70ABA7DA8C6E}.Release|win32.ActiveCfg = Release|win32
		{16BB61A0-6DE0-330E-A4EB-70ABA7DA8C6E}.Release|win32.Build.0 = Release|win32
		{16BB61A0-6DE0-330E-A4EB-70ABA7DA8C6E}.MinSizeRel|win32.ActiveCfg = MinSizeRel|win32
		{16BB61A0-6DE0-330E-A4EB-70ABA7DA8C6E}.MinSizeRel|win32.Build.0 = MinSizeRel|win32
		{16BB61A0-6DE0-330E-A4EB-70ABA7DA8C6E}.RelWithDebInfo|win32.ActiveCfg = RelWithDebInfo|win32
		{16BB61A0-6DE0-330E-A4EB-70ABA7DA8C6E}.RelWithDebInfo|win32.Build.0 = RelWithDebInfo|win32
	EndGlobalSection
	GlobalSection(NestedProjects) = preSolution
		{290D5565-5CCC-3834-92F5-16B92CE63AF0} = {6A92EECF-DCB9-3354-A726-9E19BD3AC103}
		{568A3CB0-6B08-3896-973F-E69A5684F9A8} = {6A92EECF-DCB9-3354-A726-9E19BD3AC103}
		{F25140FF-8B4F-383B-B4C5-BE437F5ABEDF} = {12CE497B-7E55-31ED-867F-134E22438A50}
		{C7119D7E-7A40-34AE-ABBD-FCD295585E7A} = {12CE497B-7E55-31ED-867F-134E22438A50}
		{2F451090-9043-3F2D-9966-28D389E14412} = {12CE497B-7E55-31ED-867F-134E22438A50}
		{1E3CAD26-63D9-37BA-8948-3530267047E1} = {12CE497B-7E55-31ED-867F-134E22438A50}
		{1B94096F-3284-33F1-BB98-858895740D76} = {12CE497B-7E55-31ED-867F-134E22438A50}
		{0D101D16-BF3F-32CE-85D5-94427BB9BF89} = {12CE497B-7E55-31ED-867F-134E22438A50}
		{8DBC8AA2-DD9B-3FCA-AD4B-3017FF99C7DF} = {12CE497B-7E55-31ED-867F-134E22438A50}
		{99A005C8-850F-3793-B9FF-2C8C2B0C96ED} = {12CE497B-7E55-31ED-867F-134E22438A50}
		{4649C201-FD31-3144-A215-AB2834586D4B} = {12CE497B-7E55-31ED-867F-134E22438A50}
		{D6E4C53E-28DF-345A-956D-D76226220EB2} = {12CE497B-7E55-31ED-867F-134E22438A50}
		{16BB61A0-6DE0-330E-A4EB-70ABA7DA8C6E} = {12CE497B-7E55-31ED-867F-134E22438A50}
		{F7566A2C-63DE-3F1D-8F37-3BD8ABA672A0} = {8AA2BE00-6241-342E-9743-E3E0127E678E}
	EndGlobalSection
	GlobalSection(ExtensibilityGlobals) = postSolution
		SolutionGuid = {17727242-12A8-39B8-93E5-0604F086689A}
	EndGlobalSection
	GlobalSection(ExtensibilityAddIns) = postSolution
	EndGlobalSection
EndGlobal
